
Microsoft Visual Studio Solution File, Format Version 12.00
# Visual Studio Version 16
VisualStudioVersion = 16.0.29409.12
MinimumVisualStudioVersion = 10.0.40219.1
Project("{FAE04EC0-301F-11D3-BF4B-00C04F79EFBC}") = "IDAnywhereAPI", "IDAnywhereAPI\IDAnywhereAPI.csproj", "{6BEC443E-5E9C-49A1-98F5-F3DE97772913}"
EndProject
Global
	GlobalSection(SolutionConfigurationPlatforms) = preSolution
		Debug|Any CPU = Debug|Any CPU
		Release|Any CPU = Release|Any CPU
	EndGlobalSection
	GlobalSection(ProjectConfigurationPlatforms) = postSolution
		{6BEC443E-5E9C-49A1-98F5-F3DE97772913}.Debug|Any CPU.ActiveCfg = Debug|Any CPU
		{6BEC443E-5E9C-49A1-98F5-F3DE97772913}.Debug|Any CPU.Build.0 = Debug|Any CPU
		{6BEC443E-5E9C-49A1-98F5-F3DE97772913}.Release|Any CPU.ActiveCfg = Release|Any CPU
		{6BEC443E-5E9C-49A1-98F5-F3DE97772913}.Release|Any CPU.Build.0 = Release|Any CPU
	EndGlobalSection
	GlobalSection(SolutionProperties) = preSolution
		HideSolutionNode = FALSE
	EndGlobalSection
	GlobalSection(ExtensibilityGlobals) = postSolution
		SolutionGuid = {2ABC9BD7-C1E1-4897-A9BB-B63C540C6CCC}
	EndGlobalSection
EndGlobal
